
Microsoft Visual Studio Solution File, Format Version 12.00
# Visual Studio 2012
Project("{FAE04EC0-301F-11D3-BF4B-00C04F79EFBC}") = "ProgettoAlbertengo", "ProgettoAlbertengo\ProgettoAlbertengo.csproj", "{093AD733-A2D4-4F9F-AB84-03614799C634}"
EndProject
Project("{FAE04EC0-301F-11D3-BF4B-00C04F79EFBC}") = "Server", "Server\Server.csproj", "{B3C953F7-870D-438C-B433-5D45A195464C}"
EndProject
Project("{FAE04EC0-301F-11D3-BF4B-00C04F79EFBC}") = "dotnetwarrior.NetMF", "dotnetwarrior.NetMF\dotnetwarrior.NetMF.csproj", "{6B0E1A65-A063-4727-AAE2-A4B91A93FFA0}"
EndProject
Project("{FAE04EC0-301F-11D3-BF4B-00C04F79EFBC}") = "dotnetwarrior.NetMF.Game", "dotnetwarrior.NetMF.Game\dotnetwarrior.NetMF.Game.csproj", "{936EE92D-5A1F-4F2B-B867-D7E5EEE223B1}"
EndProject
Project("{FAE04EC0-301F-11D3-BF4B-00C04F79EFBC}") = "Pacman", "Pacman\Pacman.csproj", "{DDF9E66D-0064-4795-8723-099A242BFC87}"
EndProject
Global
	GlobalSection(SolutionConfigurationPlatforms) = preSolution
		Debug|Any CPU = Debug|Any CPU
		Release|Any CPU = Release|Any CPU
	EndGlobalSection
	GlobalSection(ProjectConfigurationPlatforms) = postSolution
		{093AD733-A2D4-4F9F-AB84-03614799C634}.Debug|Any CPU.ActiveCfg = Debug|Any CPU
		{093AD733-A2D4-4F9F-AB84-03614799C634}.Debug|Any CPU.Build.0 = Debug|Any CPU
		{093AD733-A2D4-4F9F-AB84-03614799C634}.Debug|Any CPU.Deploy.0 = Debug|Any CPU
		{093AD733-A2D4-4F9F-AB84-03614799C634}.Release|Any CPU.ActiveCfg = Release|Any CPU
		{093AD733-A2D4-4F9F-AB84-03614799C634}.Release|Any CPU.Build.0 = Release|Any CPU
		{093AD733-A2D4-4F9F-AB84-03614799C634}.Release|Any CPU.Deploy.0 = Release|Any CPU
		{B3C953F7-870D-438C-B433-5D45A195464C}.Debug|Any CPU.ActiveCfg = Debug|Any CPU
		{B3C953F7-870D-438C-B433-5D45A195464C}.Debug|Any CPU.Build.0 = Debug|Any CPU
		{B3C953F7-870D-438C-B433-5D45A195464C}.Release|Any CPU.ActiveCfg = Release|Any CPU
		{B3C953F7-870D-438C-B433-5D45A195464C}.Release|Any CPU.Build.0 = Release|Any CPU
		{6B0E1A65-A063-4727-AAE2-A4B91A93FFA0}.Debug|Any CPU.ActiveCfg = Debug|Any CPU
		{6B0E1A65-A063-4727-AAE2-A4B91A93FFA0}.Debug|Any CPU.Build.0 = Debug|Any CPU
		{6B0E1A65-A063-4727-AAE2-A4B91A93FFA0}.Release|Any CPU.ActiveCfg = Release|Any CPU
		{6B0E1A65-A063-4727-AAE2-A4B91A93FFA0}.Release|Any CPU.Build.0 = Release|Any CPU
		{936EE92D-5A1F-4F2B-B867-D7E5EEE223B1}.Debug|Any CPU.ActiveCfg = Debug|Any CPU
		{936EE92D-5A1F-4F2B-B867-D7E5EEE223B1}.Debug|Any CPU.Build.0 = Debug|Any CPU
		{936EE92D-5A1F-4F2B-B867-D7E5EEE223B1}.Release|Any CPU.ActiveCfg = Release|Any CPU
		{936EE92D-5A1F-4F2B-B867-D7E5EEE223B1}.Release|Any CPU.Build.0 = Release|Any CPU
		{DDF9E66D-0064-4795-8723-099A242BFC87}.Debug|Any CPU.ActiveCfg = Debug|Any CPU
		{DDF9E66D-0064-4795-8723-099A242BFC87}.Debug|Any CPU.Build.0 = Debug|Any CPU
		{DDF9E66D-0064-4795-8723-099A242BFC87}.Debug|Any CPU.Deploy.0 = Debug|Any CPU
		{DDF9E66D-0064-4795-8723-099A242BFC87}.Release|Any CPU.ActiveCfg = Release|Any CPU
		{DDF9E66D-0064-4795-8723-099A242BFC87}.Release|Any CPU.Build.0 = Release|Any CPU
	EndGlobalSection
	GlobalSection(SolutionProperties) = preSolution
		HideSolutionNode = FALSE
	EndGlobalSection
EndGlobal
